{
    "_meta": {
        "hash": {
            "sha256": "dbd41aa1dddd5072656d1eccbcc984078f2455ead36aafde79eaf0314ad5d216"
        },
        "pipfile-spec": 6,
        "requires": {
            "python_version": "3.11"
        },
        "sources": [
            {
                "name": "pypi",
                "url": "https://pypi.org/simple",
                "verify_ssl": true
            }
        ]
    },
    "default": {
        "iniconfig": {
            "hashes": [
                "sha256:2d91e135bf72d31a410b17c16da610a82cb55f6b0477d1a902134b24a455b8b3",
                "sha256:b6a85871a79d2e3b22d2d1b94ac2824226a63c6b741c88f7ae975f18b6778374"
            ],
            "markers": "python_version >= '3.7'",
            "version": "==2.0.0"
        },
        "packaging": {
            "hashes": [
                "sha256:994793af429502c4ea2ebf6bf664629d07c1a9fe974af92966e4b8d2df7edc61",
                "sha256:a392980d2b6cffa644431898be54b0045151319d1e7ec34f0cfed48767dd334f"
            ],
            "markers": "python_version >= '3.7'",
            "version": "==23.1"
        },
        "pluggy": {
            "hashes": [
                "sha256:4224373bacce55f955a878bf9cfa763c1e360858e330072059e10bad68531159",
                "sha256:74134bbf457f031a36d68416e1509f34bd5ccc019f0bcc952c7b909d06b37bd3"
            ],
            "markers": "python_version >= '3.6'",
            "version": "==1.0.0"
        },
        "pytest": {
            "hashes": [
                "sha256:3799fa815351fea3a5e96ac7e503a96fa51cc9942c3753cda7651b93c1cfa362",
                "sha256:434afafd78b1d78ed0addf160ad2b77a30d35d4bdf8af234fe621919d9ed15e3"
            ],
            "index": "pypi",
            "version": "==7.3.1"
        },
        "python-dotenv": {
            "hashes": [
                "sha256:a8df96034aae6d2d50a4ebe8216326c61c3eb64836776504fcca410e5937a3ba",
                "sha256:f5971a9226b701070a4bf2c38c89e5a3f0d64de8debda981d1db98583009122a"
            ],
            "index": "pypi",
            "version": "==1.0.0"
        },
        "redis": {
            "hashes": [
                "sha256:77929bc7f5dab9adf3acba2d3bb7d7658f1e0c2f1cafe7eb36434e751c471119",
                "sha256:dc87a0bdef6c8bfe1ef1e1c40be7034390c2ae02d92dcd0c7ca1729443899880"
            ],
            "index": "pypi",
            "version": "==4.5.5"
        },
        "ruff": {
            "hashes": [
                "sha256:03ff42bc91ceca58e0f0f072cb3f9286a9208f609812753474e799a997cdad1a",
                "sha256:11ddcfbab32cf5c420ea9dd5531170ace5a3e59c16d9251c7bd2581f7b16f602",
                "sha256:1f19f59ca3c28742955241fb452f3346241ddbd34e72ac5cb3d84fadebcf6bc8",
                "sha256:3569bcdee679045c09c0161fabc057599759c49219a08d9a4aad2cc3982ccba3",
                "sha256:374b161753a247904aec7a32d45e165302b76b6e83d22d099bf3ff7c232c888f",
                "sha256:3f5dc7aac52c58e82510217e3c7efd80765c134c097c2815d59e40face0d1fe6",
                "sha256:56347da63757a56cbce7d4b3d6044ca4f1941cd1bbff3714f7554360c3361f83",
                "sha256:5a20658f0b97d207c7841c13d528f36d666bf445b00b01139f28a8ccb80093bb",
                "sha256:6da8ee25ef2f0cc6cc8e6e20942c1d44d25a36dce35070d7184655bc14f63f63",
                "sha256:9ca0a1ddb1d835b5f742db9711c6cf59f213a1ad0088cb1e924a005fd399e7d8",
                "sha256:a374434e588e06550df0f8dcb74777290f285678de991fda4e1063c367ab2eb2",
                "sha256:bbeb857b1e508a4487bdb02ca1e6d41dd8d5ac5335a5246e25de8a3dff38c1ff",
                "sha256:bd81b8e681b9eaa6cf15484f3985bd8bd97c3d114e95bff3e8ea283bf8865062",
                "sha256:cec2f4b84a14b87f1b121488649eb5b4eaa06467a2387373f750da74bdcb5679",
                "sha256:e131b4dbe798c391090c6407641d6ab12c0fa1bb952379dde45e5000e208dabb",
                "sha256:f062059b8289a4fab7f6064601b811d447c2f9d3d432a17f689efe4d68988450",
                "sha256:f3b59ccff57b21ef0967ea8021fd187ec14c528ec65507d8bcbe035912050776"
            ],
            "index": "pypi",
            "version": "==0.0.269"
        }
    },
    "develop": {}
}
